// !$*UTF8*$!
{
	archiveVersion = 1;
	classes = {
	};
	objectVersion = 50;
	objects = {

/* Begin PBXBuildFile section */
		2A2D763B265E9F600005DE01 /* ChatList.storyboard in Resources */ = {isa = PBXBuildFile; fileRef = 2A2D763A265E9F600005DE01 /* ChatList.storyboard */; };
		2A2D763D265EA0380005DE01 /* ChatListViewController.swift in Sources */ = {isa = PBXBuildFile; fileRef = 2A2D763C265EA0380005DE01 /* ChatListViewController.swift */; };
		2AE4EE3A265E7B7700AD6B21 /* AppDelegate.swift in Sources */ = {isa = PBXBuildFile; fileRef = 2AE4EE39265E7B7700AD6B21 /* AppDelegate.swift */; };
		2AE4EE3C265E7B7700AD6B21 /* SceneDelegate.swift in Sources */ = {isa = PBXBuildFile; fileRef = 2AE4EE3B265E7B7700AD6B21 /* SceneDelegate.swift */; };
		2AE4EE3E265E7B7700AD6B21 /* ContentView.swift in Sources */ = {isa = PBXBuildFile; fileRef = 2AE4EE3D265E7B7700AD6B21 /* ContentView.swift */; };
		2AE4EE40265E7B7A00AD6B21 /* Assets.xcassets in Resources */ = {isa = PBXBuildFile; fileRef = 2AE4EE3F265E7B7A00AD6B21 /* Assets.xcassets */; };
		2AE4EE43265E7B7A00AD6B21 /* Preview Assets.xcassets in Resources */ = {isa = PBXBuildFile; fileRef = 2AE4EE42265E7B7A00AD6B21 /* Preview Assets.xcassets */; };
		2AE4EE46265E7B7A00AD6B21 /* LaunchScreen.storyboard in Resources */ = {isa = PBXBuildFile; fileRef = 2AE4EE44265E7B7A00AD6B21 /* LaunchScreen.storyboard */; };
		2AE4EE51265E7B7A00AD6B21 /* ChatAppWithFirebaseTests.swift in Sources */ = {isa = PBXBuildFile; fileRef = 2AE4EE50265E7B7A00AD6B21 /* ChatAppWithFirebaseTests.swift */; };
		2AE4EE5C265E7B7A00AD6B21 /* ChatAppWithFirebaseUITests.swift in Sources */ = {isa = PBXBuildFile; fileRef = 2AE4EE5B265E7B7A00AD6B21 /* ChatAppWithFirebaseUITests.swift */; };
/* End PBXBuildFile section */

/* Begin PBXContainerItemProxy section */
		2AE4EE4D265E7B7A00AD6B21 /* PBXContainerItemProxy */ = {
			isa = PBXContainerItemProxy;
			containerPortal = 2AE4EE2E265E7B7700AD6B21 /* Project object */;
			proxyType = 1;
			remoteGlobalIDString = 2AE4EE35265E7B7700AD6B21;
			remoteInfo = ChatAppWithFirebase;
		};
		2AE4EE58265E7B7A00AD6B21 /* PBXContainerItemProxy */ = {
			isa = PBXContainerItemProxy;
			containerPortal = 2AE4EE2E265E7B7700AD6B21 /* Project object */;
			proxyType = 1;
			remoteGlobalIDString = 2AE4EE35265E7B7700AD6B21;
			remoteInfo = ChatAppWithFirebase;
		};
/* End PBXContainerItemProxy section */

/* Begin PBXFileReference section */
		2A2D763A265E9F600005DE01 /* ChatList.storyboard */ = {isa = PBXFileReference; lastKnownFileType = file.storyboard; path = ChatList.storyboard; sourceTree = "<group>"; };
		2A2D763C265EA0380005DE01 /* ChatListViewController.swift */ = {isa = PBXFileReference; lastKnownFileType = sourcecode.swift; path = ChatListViewController.swift; sourceTree = "<group>"; };
		2AE4EE36265E7B7700AD6B21 /* ChatAppWithFirebase.app */ = {isa = PBXFileReference; explicitFileType = wrapper.application; includeInIndex = 0; path = ChatAppWithFirebase.app; sourceTree = BUILT_PRODUCTS_DIR; };
		2AE4EE39265E7B7700AD6B21 /* AppDelegate.swift */ = {isa = PBXFileReference; lastKnownFileType = sourcecode.swift; path = AppDelegate.swift; sourceTree = "<group>"; };
		2AE4EE3B265E7B7700AD6B21 /* SceneDelegate.swift */ = {isa = PBXFileReference; lastKnownFileType = sourcecode.swift; path = SceneDelegate.swift; sourceTree = "<group>"; };
		2AE4EE3D265E7B7700AD6B21 /* ContentView.swift */ = {isa = PBXFileReference; lastKnownFileType = sourcecode.swift; path = ContentView.swift; sourceTree = "<group>"; };
		2AE4EE3F265E7B7A00AD6B21 /* Assets.xcassets */ = {isa = PBXFileReference; lastKnownFileType = folder.assetcatalog; path = Assets.xcassets; sourceTree = "<group>"; };
		2AE4EE42265E7B7A00AD6B21 /* Preview Assets.xcassets */ = {isa = PBXFileReference; lastKnownFileType = folder.assetcatalog; path = "Preview Assets.xcassets"; sourceTree = "<group>"; };
		2AE4EE45265E7B7A00AD6B21 /* Base */ = {isa = PBXFileReference; lastKnownFileType = file.storyboard; name = Base; path = Base.lproj/LaunchScreen.storyboard; sourceTree = "<group>"; };
		2AE4EE47265E7B7A00AD6B21 /* Info.plist */ = {isa = PBXFileReference; lastKnownFileType = text.plist.xml; path = Info.plist; sourceTree = "<group>"; };
		2AE4EE4C265E7B7A00AD6B21 /* ChatAppWithFirebaseTests.xctest */ = {isa = PBXFileReference; explicitFileType = wrapper.cfbundle; includeInIndex = 0; path = ChatAppWithFirebaseTests.xctest; sourceTree = BUILT_PRODUCTS_DIR; };
		2AE4EE50265E7B7A00AD6B21 /* ChatAppWithFirebaseTests.swift */ = {isa = PBXFileReference; lastKnownFileType = sourcecode.swift; path = ChatAppWithFirebaseTests.swift; sourceTree = "<group>"; };
		2AE4EE52265E7B7A00AD6B21 /* Info.plist */ = {isa = PBXFileReference; lastKnownFileType = text.plist.xml; path = Info.plist; sourceTree = "<group>"; };
		2AE4EE57265E7B7A00AD6B21 /* ChatAppWithFirebaseUITests.xctest */ = {isa = PBXFileReference; explicitFileType = wrapper.cfbundle; includeInIndex = 0; path = ChatAppWithFirebaseUITests.xctest; sourceTree = BUILT_PRODUCTS_DIR; };
		2AE4EE5B265E7B7A00AD6B21 /* ChatAppWithFirebaseUITests.swift */ = {isa = PBXFileReference; lastKnownFileType = sourcecode.swift; path = ChatAppWithFirebaseUITests.swift; sourceTree = "<group>"; };
		2AE4EE5D265E7B7A00AD6B21 /* Info.plist */ = {isa = PBXFileReference; lastKnownFileType = text.plist.xml; path = Info.plist; sourceTree = "<group>"; };
/* End PBXFileReference section */

/* Begin PBXFrameworksBuildPhase section */
		2AE4EE33265E7B7700AD6B21 /* Frameworks */ = {
			isa = PBXFrameworksBuildPhase;
			buildActionMask = 2147483647;
			files = (
			);
			runOnlyForDeploymentPostprocessing = 0;
		};
		2AE4EE49265E7B7A00AD6B21 /* Frameworks */ = {
			isa = PBXFrameworksBuildPhase;
			buildActionMask = 2147483647;
			files = (
			);
			runOnlyForDeploymentPostprocessing = 0;
		};
		2AE4EE54265E7B7A00AD6B21 /* Frameworks */ = {
			isa = PBXFrameworksBuildPhase;
			buildActionMask = 2147483647;
			files = (
			);
			runOnlyForDeploymentPostprocessing = 0;
		};
/* End PBXFrameworksBuildPhase section */

/* Begin PBXGroup section */
		2AE4EE2D265E7B7700AD6B21 = {
			isa = PBXGroup;
			children = (
				2AE4EE38265E7B7700AD6B21 /* ChatAppWithFirebase */,
				2AE4EE4F265E7B7A00AD6B21 /* ChatAppWithFirebaseTests */,
				2AE4EE5A265E7B7A00AD6B21 /* ChatAppWithFirebaseUITests */,
				2AE4EE37265E7B7700AD6B21 /* Products */,
			);
			sourceTree = "<group>";
		};
		2AE4EE37265E7B7700AD6B21 /* Products */ = {
			isa = PBXGroup;
			children = (
				2AE4EE36265E7B7700AD6B21 /* ChatAppWithFirebase.app */,
				2AE4EE4C265E7B7A00AD6B21 /* ChatAppWithFirebaseTests.xctest */,
				2AE4EE57265E7B7A00AD6B21 /* ChatAppWithFirebaseUITests.xctest */,
			);
			name = Products;
			sourceTree = "<group>";
		};
		2AE4EE38265E7B7700AD6B21 /* ChatAppWithFirebase */ = {
			isa = PBXGroup;
			children = (
				2AE4EE39265E7B7700AD6B21 /* AppDelegate.swift */,
				2AE4EE3B265E7B7700AD6B21 /* SceneDelegate.swift */,
				2AE4EE3D265E7B7700AD6B21 /* ContentView.swift */,
				2A2D763C265EA0380005DE01 /* ChatListViewController.swift */,
				2A2D763A265E9F600005DE01 /* ChatList.storyboard */,
				2AE4EE3F265E7B7A00AD6B21 /* Assets.xcassets */,
				2AE4EE44265E7B7A00AD6B21 /* LaunchScreen.storyboard */,
				2AE4EE47265E7B7A00AD6B21 /* Info.plist */,
				2AE4EE41265E7B7A00AD6B21 /* Preview Content */,
			);
			path = ChatAppWithFirebase;
			sourceTree = "<group>";
		};
		2AE4EE41265E7B7A00AD6B21 /* Preview Content */ = {
			isa = PBXGroup;
			children = (
				2AE4EE42265E7B7A00AD6B21 /* Preview Assets.xcassets */,
			);
			path = "Preview Content";
			sourceTree = "<group>";
		};
		2AE4EE4F265E7B7A00AD6B21 /* ChatAppWithFirebaseTests */ = {
			isa = PBXGroup;
			children = (
				2AE4EE50265E7B7A00AD6B21 /* ChatAppWithFirebaseTests.swift */,
				2AE4EE52265E7B7A00AD6B21 /* Info.plist */,
			);
			path = ChatAppWithFirebaseTests;
			sourceTree = "<group>";
		};
		2AE4EE5A265E7B7A00AD6B21 /* ChatAppWithFirebaseUITests */ = {
			isa = PBXGroup;
			children = (
				2AE4EE5B265E7B7A00AD6B21 /* ChatAppWithFirebaseUITests.swift */,
				2AE4EE5D265E7B7A00AD6B21 /* Info.plist */,
			);
			path = ChatAppWithFirebaseUITests;
			sourceTree = "<group>";
		};
/* End PBXGroup section */

/* Begin PBXNativeTarget section */
		2AE4EE35265E7B7700AD6B21 /* ChatAppWithFirebase */ = {
			isa = PBXNativeTarget;
			buildConfigurationList = 2AE4EE60265E7B7A00AD6B21 /* Build configuration list for PBXNativeTarget "ChatAppWithFirebase" */;
			buildPhases = (
				2AE4EE32265E7B7700AD6B21 /* Sources */,
				2AE4EE33265E7B7700AD6B21 /* Frameworks */,
				2AE4EE34265E7B7700AD6B21 /* Resources */,
			);
			buildRules = (
			);
			dependencies = (
			);
			name = ChatAppWithFirebase;
			productName = ChatAppWithFirebase;
			productReference = 2AE4EE36265E7B7700AD6B21 /* ChatAppWithFirebase.app */;
			productType = "com.apple.product-type.application";
		};
		2AE4EE4B265E7B7A00AD6B21 /* ChatAppWithFirebaseTests */ = {
			isa = PBXNativeTarget;
			buildConfigurationList = 2AE4EE63265E7B7A00AD6B21 /* Build configuration list for PBXNativeTarget "ChatAppWithFirebaseTests" */;
			buildPhases = (
				2AE4EE48265E7B7A00AD6B21 /* Sources */,
				2AE4EE49265E7B7A00AD6B21 /* Frameworks */,
				2AE4EE4A265E7B7A00AD6B21 /* Resources */,
			);
			buildRules = (
			);
			dependencies = (
				2AE4EE4E265E7B7A00AD6B21 /* PBXTargetDependency */,
			);
			name = ChatAppWithFirebaseTests;
			productName = ChatAppWithFirebaseTests;
			productReference = 2AE4EE4C265E7B7A00AD6B21 /* ChatAppWithFirebaseTests.xctest */;
			productType = "com.apple.product-type.bundle.unit-test";
		};
		2AE4EE56265E7B7A00AD6B21 /* ChatAppWithFirebaseUITests */ = {
			isa = PBXNativeTarget;
			buildConfigurationList = 2AE4EE66265E7B7A00AD6B21 /* Build configuration list for PBXNativeTarget "ChatAppWithFirebaseUITests" */;
			buildPhases = (
				2AE4EE53265E7B7A00AD6B21 /* Sources */,
				2AE4EE54265E7B7A00AD6B21 /* Frameworks */,
				2AE4EE55265E7B7A00AD6B21 /* Resources */,
			);
			buildRules = (
			);
			dependencies = (
				2AE4EE59265E7B7A00AD6B21 /* PBXTargetDependency */,
			);
			name = ChatAppWithFirebaseUITests;
			productName = ChatAppWithFirebaseUITests;
			productReference = 2AE4EE57265E7B7A00AD6B21 /* ChatAppWithFirebaseUITests.xctest */;
			productType = "com.apple.product-type.bundle.ui-testing";
		};
/* End PBXNativeTarget section */

/* Begin PBXProject section */
		2AE4EE2E265E7B7700AD6B21 /* Project object */ = {
			isa = PBXProject;
			attributes = {
				LastSwiftUpdateCheck = 1250;
				LastUpgradeCheck = 1250;
				TargetAttributes = {
					2AE4EE35265E7B7700AD6B21 = {
						CreatedOnToolsVersion = 12.5;
					};
					2AE4EE4B265E7B7A00AD6B21 = {
						CreatedOnToolsVersion = 12.5;
						TestTargetID = 2AE4EE35265E7B7700AD6B21;
					};
					2AE4EE56265E7B7A00AD6B21 = {
						CreatedOnToolsVersion = 12.5;
						TestTargetID = 2AE4EE35265E7B7700AD6B21;
					};
				};
			};
			buildConfigurationList = 2AE4EE31265E7B7700AD6B21 /* Build configuration list for PBXProject "ChatAppWithFirebase" */;
			compatibilityVersion = "Xcode 9.3";
			developmentRegion = en;
			hasScannedForEncodings = 0;
			knownRegions = (
				en,
				Base,
			);
			mainGroup = 2AE4EE2D265E7B7700AD6B21;
			productRefGroup = 2AE4EE37265E7B7700AD6B21 /* Products */;
			projectDirPath = "";
			projectRoot = "";
			targets = (
				2AE4EE35265E7B7700AD6B21 /* ChatAppWithFirebase */,
				2AE4EE4B265E7B7A00AD6B21 /* ChatAppWithFirebaseTests */,
				2AE4EE56265E7B7A00AD6B21 /* ChatAppWithFirebaseUITests */,
			);
		};
/* End PBXProject section */

/* Begin PBXResourcesBuildPhase section */
		2AE4EE34265E7B7700AD6B21 /* Resources */ = {
			isa = PBXResourcesBuildPhase;
			buildActionMask = 2147483647;
			files = (
				2AE4EE46265E7B7A00AD6B21 /* LaunchScreen.storyboard in Resources */,
				2AE4EE43265E7B7A00AD6B21 /* Preview Assets.xcassets in Resources */,
				2A2D763B265E9F600005DE01 /* ChatList.storyboard in Resources */,
				2AE4EE40265E7B7A00AD6B21 /* Assets.xcassets in Resources */,
			);
			runOnlyForDeploymentPostprocessing = 0;
		};
		2AE4EE4A265E7B7A00AD6B21 /* Resources */ = {
			isa = PBXResourcesBuildPhase;
			buildActionMask = 2147483647;
			files = (
			);
			runOnlyForDeploymentPostprocessing = 0;
		};
		2AE4EE55265E7B7A00AD6B21 /* Resources */ = {
			isa = PBXResourcesBuildPhase;
			buildActionMask = 2147483647;
			files = (
			);
			runOnlyForDeploymentPostprocessing = 0;
		};
/* End PBXResourcesBuildPhase section */

/* Begin PBXSourcesBuildPhase section */
		2AE4EE32265E7B7700AD6B21 /* Sources */ = {
			isa = PBXSourcesBuildPhase;
			buildActionMask = 2147483647;
			files = (
				2AE4EE3A265E7B7700AD6B21 /* AppDelegate.swift in Sources */,
				2AE4EE3C265E7B7700AD6B21 /* SceneDelegate.swift in Sources */,
				2A2D763D265EA0380005DE01 /* ChatListViewController.swift in Sources */,
				2AE4EE3E265E7B7700AD6B21 /* ContentView.swift in Sources */,
			);
			runOnlyForDeploymentPostprocessing = 0;
		};
		2AE4EE48265E7B7A00AD6B21 /* Sources */ = {
			isa = PBXSourcesBuildPhase;
			buildActionMask = 2147483647;
			files = (
				2AE4EE51265E7B7A00AD6B21 /* ChatAppWithFirebaseTests.swift in Sources */,
			);
			runOnlyForDeploymentPostprocessing = 0;
		};
		2AE4EE53265E7B7A00AD6B21 /* Sources */ = {
			isa = PBXSourcesBuildPhase;
			buildActionMask = 2147483647;
			files = (
				2AE4EE5C265E7B7A00AD6B21 /* ChatAppWithFirebaseUITests.swift in Sources */,
			);
			runOnlyForDeploymentPostprocessing = 0;
		};
/* End PBXSourcesBuildPhase section */

/* Begin PBXTargetDependency section */
		2AE4EE4E265E7B7A00AD6B21 /* PBXTargetDependency */ = {
			isa = PBXTargetDependency;
			target = 2AE4EE35265E7B7700AD6B21 /* ChatAppWithFirebase */;
			targetProxy = 2AE4EE4D265E7B7A00AD6B21 /* PBXContainerItemProxy */;
		};
		2AE4EE59265E7B7A00AD6B21 /* PBXTargetDependency */ = {
			isa = PBXTargetDependency;
			target = 2AE4EE35265E7B7700AD6B21 /* ChatAppWithFirebase */;
			targetProxy = 2AE4EE58265E7B7A00AD6B21 /* PBXContainerItemProxy */;
		};
/* End PBXTargetDependency section */

/* Begin PBXVariantGroup section */
		2AE4EE44265E7B7A00AD6B21 /* LaunchScreen.storyboard */ = {
			isa = PBXVariantGroup;
			children = (
				2AE4EE45265E7B7A00AD6B21 /* Base */,
			);
			name = LaunchScreen.storyboard;
			sourceTree = "<group>";
		};
/* End PBXVariantGroup section */

/* Begin XCBuildConfiguration section */
		2AE4EE5E265E7B7A00AD6B21 /* Debug */ = {
			isa = XCBuildConfiguration;
			buildSettings = {
				ALWAYS_SEARCH_USER_PATHS = NO;
				CLANG_ANALYZER_NONNULL = YES;
				CLANG_ANALYZER_NUMBER_OBJECT_CONVERSION = YES_AGGRESSIVE;
				CLANG_CXX_LANGUAGE_STANDARD = "gnu++14";
				CLANG_CXX_LIBRARY = "libc++";
				CLANG_ENABLE_MODULES = YES;
				CLANG_ENABLE_OBJC_ARC = YES;
				CLANG_ENABLE_OBJC_WEAK = YES;
				CLANG_WARN_BLOCK_CAPTURE_AUTORELEASING = YES;
				CLANG_WARN_BOOL_CONVERSION = YES;
				CLANG_WARN_COMMA = YES;
				CLANG_WARN_CONSTANT_CONVERSION = YES;
				CLANG_WARN_DEPRECATED_OBJC_IMPLEMENTATIONS = YES;
				CLANG_WARN_DIRECT_OBJC_ISA_USAGE = YES_ERROR;
				CLANG_WARN_DOCUMENTATION_COMMENTS = YES;
				CLANG_WARN_EMPTY_BODY = YES;
				CLANG_WARN_ENUM_CONVERSION = YES;
				CLANG_WARN_INFINITE_RECURSION = YES;
				CLANG_WARN_INT_CONVERSION = YES;
				CLANG_WARN_NON_LITERAL_NULL_CONVERSION = YES;
				CLANG_WARN_OBJC_IMPLICIT_RETAIN_SELF = YES;
				CLANG_WARN_OBJC_LITERAL_CONVERSION = YES;
				CLANG_WARN_OBJC_ROOT_CLASS = YES_ERROR;
				CLANG_WARN_QUOTED_INCLUDE_IN_FRAMEWORK_HEADER = YES;
				CLANG_WARN_RANGE_LOOP_ANALYSIS = YES;
				CLANG_WARN_STRICT_PROTOTYPES = YES;
				CLANG_WARN_SUSPICIOUS_MOVE = YES;
				CLANG_WARN_UNGUARDED_AVAILABILITY = YES_AGGRESSIVE;
				CLANG_WARN_UNREACHABLE_CODE = YES;
				CLANG_WARN__DUPLICATE_METHOD_MATCH = YES;
				COPY_PHASE_STRIP = NO;
				DEBUG_INFORMATION_FORMAT = dwarf;
				ENABLE_STRICT_OBJC_MSGSEND = YES;
				ENABLE_TESTABILITY = YES;
				GCC_C_LANGUAGE_STANDARD = gnu11;
				GCC_DYNAMIC_NO_PIC = NO;
				GCC_NO_COMMON_BLOCKS = YES;
				GCC_OPTIMIZATION_LEVEL = 0;
				GCC_PREPROCESSOR_DEFINITIONS = (
					"DEBUG=1",
					"$(inherited)",
				);
				GCC_WARN_64_TO_32_BIT_CONVERSION = YES;
				GCC_WARN_ABOUT_RETURN_TYPE = YES_ERROR;
				GCC_WARN_UNDECLARED_SELECTOR = YES;
				GCC_WARN_UNINITIALIZED_AUTOS = YES_AGGRESSIVE;
				GCC_WARN_UNUSED_FUNCTION = YES;
				GCC_WARN_UNUSED_VARIABLE = YES;
				IPHONEOS_DEPLOYMENT_TARGET = 14.5;
				MTL_ENABLE_DEBUG_INFO = INCLUDE_SOURCE;
				MTL_FAST_MATH = YES;
				ONLY_ACTIVE_ARCH = YES;
				SDKROOT = iphoneos;
				SWIFT_ACTIVE_COMPILATION_CONDITIONS = DEBUG;
				SWIFT_OPTIMIZATION_LEVEL = "-Onone";
			};
			name = Debug;
		};
		2AE4EE5F265E7B7A00AD6B21 /* Release */ = {
			isa = XCBuildConfiguration;
			buildSettings = {
				ALWAYS_SEARCH_USER_PATHS = NO;
				CLANG_ANALYZER_NONNULL = YES;
				CLANG_ANALYZER_NUMBER_OBJECT_CONVERSION = YES_AGGRESSIVE;
				CLANG_CXX_LANGUAGE_STANDARD = "gnu++14";
				CLANG_CXX_LIBRARY = "libc++";
				CLANG_ENABLE_MODULES = YES;
				CLANG_ENABLE_OBJC_ARC = YES;
				CLANG_ENABLE_OBJC_WEAK = YES;
				CLANG_WARN_BLOCK_CAPTURE_AUTORELEASING = YES;
				CLANG_WARN_BOOL_CONVERSION = YES;
				CLANG_WARN_COMMA = YES;
				CLANG_WARN_CONSTANT_CONVERSION = YES;
				CLANG_WARN_DEPRECATED_OBJC_IMPLEMENTATIONS = YES;
				CLANG_WARN_DIRECT_OBJC_ISA_USAGE = YES_ERROR;
				CLANG_WARN_DOCUMENTATION_COMMENTS = YES;
				CLANG_WARN_EMPTY_BODY = YES;
				CLANG_WARN_ENUM_CONVERSION = YES;
				CLANG_WARN_INFINITE_RECURSION = YES;
				CLANG_WARN_INT_CONVERSION = YES;
				CLANG_WARN_NON_LITERAL_NULL_CONVERSION = YES;
				CLANG_WARN_OBJC_IMPLICIT_RETAIN_SELF = YES;
				CLANG_WARN_OBJC_LITERAL_CONVERSION = YES;
				CLANG_WARN_OBJC_ROOT_CLASS = YES_ERROR;
				CLANG_WARN_QUOTED_INCLUDE_IN_FRAMEWORK_HEADER = YES;
				CLANG_WARN_RANGE_LOOP_ANALYSIS = YES;
				CLANG_WARN_STRICT_PROTOTYPES = YES;
				CLANG_WARN_SUSPICIOUS_MOVE = YES;
				CLANG_WARN_UNGUARDED_AVAILABILITY = YES_AGGRESSIVE;
				CLANG_WARN_UNREACHABLE_CODE = YES;
				CLANG_WARN__DUPLICATE_METHOD_MATCH = YES;
				COPY_PHASE_STRIP = NO;
				DEBUG_INFORMATION_FORMAT = "dwarf-with-dsym";
				ENABLE_NS_ASSERTIONS = NO;
				ENABLE_STRICT_OBJC_MSGSEND = YES;
				GCC_C_LANGUAGE_STANDARD = gnu11;
				GCC_NO_COMMON_BLOCKS = YES;
				GCC_WARN_64_TO_32_BIT_CONVERSION = YES;
				GCC_WARN_ABOUT_RETURN_TYPE = YES_ERROR;
				GCC_WARN_UNDECLARED_SELECTOR = YES;
				GCC_WARN_UNINITIALIZED_AUTOS = YES_AGGRESSIVE;
				GCC_WARN_UNUSED_FUNCTION = YES;
				GCC_WARN_UNUSED_VARIABLE = YES;
				IPHONEOS_DEPLOYMENT_TARGET = 14.5;
				MTL_ENABLE_DEBUG_INFO = NO;
				MTL_FAST_MATH = YES;
				SDKROOT = iphoneos;
				SWIFT_COMPILATION_MODE = wholemodule;
				SWIFT_OPTIMIZATION_LEVEL = "-O";
				VALIDATE_PRODUCT = YES;
			};
			name = Release;
		};
		2AE4EE61265E7B7A00AD6B21 /* Debug */ = {
			isa = XCBuildConfiguration;
			buildSettings = {
				ASSETCATALOG_COMPILER_APPICON_NAME = AppIcon;
				ASSETCATALOG_COMPILER_GLOBAL_ACCENT_COLOR_NAME = AccentColor;
				CODE_SIGN_STYLE = Automatic;
				DEVELOPMENT_ASSET_PATHS = "\"ChatAppWithFirebase/Preview Content\"";
				DEVELOPMENT_TEAM = 985R2F8RB3;
				ENABLE_PREVIEWS = YES;
				INFOPLIST_FILE = ChatAppWithFirebase/Info.plist;
				LD_RUNPATH_SEARCH_PATHS = (
					"$(inherited)",
					"@executable_path/Frameworks",
				);
				PRODUCT_BUNDLE_IDENTIFIER = yuta.ChatAppWithFirebase;
				PRODUCT_NAME = "$(TARGET_NAME)";
				SWIFT_VERSION = 5.0;
				TARGETED_DEVICE_FAMILY = "1,2";
			};
			name = Debug;
		};
		2AE4EE62265E7B7A00AD6B21 /* Release */ = {
			isa = XCBuildConfiguration;
			buildSettings = {
				ASSETCATALOG_COMPILER_APPICON_NAME = AppIcon;
				ASSETCATALOG_COMPILER_GLOBAL_ACCENT_COLOR_NAME = AccentColor;
				CODE_SIGN_STYLE = Automatic;
				DEVELOPMENT_ASSET_PATHS = "\"ChatAppWithFirebase/Preview Content\"";
				DEVELOPMENT_TEAM = 985R2F8RB3;
				ENABLE_PREVIEWS = YES;
				INFOPLIST_FILE = ChatAppWithFirebase/Info.plist;
				LD_RUNPATH_SEARCH_PATHS = (
					"$(inherited)",
					"@executable_path/Frameworks",
				);
				PRODUCT_BUNDLE_IDENTIFIER = yuta.ChatAppWithFirebase;
				PRODUCT_NAME = "$(TARGET_NAME)";
				SWIFT_VERSION = 5.0;
				TARGETED_DEVICE_FAMILY = "1,2";
			};
			name = Release;
		};
		2AE4EE64265E7B7A00AD6B21 /* Debug */ = {
			isa = XCBuildConfiguration;
			buildSettings = {
				ALWAYS_EMBED_SWIFT_STANDARD_LIBRARIES = YES;
				BUNDLE_LOADER = "$(TEST_HOST)";
				CODE_SIGN_STYLE = Automatic;
				DEVELOPMENT_TEAM = 985R2F8RB3;
				INFOPLIST_FILE = ChatAppWithFirebaseTests/Info.plist;
				IPHONEOS_DEPLOYMENT_TARGET = 14.5;
				LD_RUNPATH_SEARCH_PATHS = (
					"$(inherited)",
					"@executable_path/Frameworks",
					"@loader_path/Frameworks",
				);
				PRODUCT_BUNDLE_IDENTIFIER = yuta.ChatAppWithFirebaseTests;
				PRODUCT_NAME = "$(TARGET_NAME)";
				SWIFT_VERSION = 5.0;
				TARGETED_DEVICE_FAMILY = "1,2";
				TEST_HOST = "$(BUILT_PRODUCTS_DIR)/ChatAppWithFirebase.app/ChatAppWithFirebase";
			};
			name = Debug;
		};
		2AE4EE65265E7B7A00AD6B21 /* Release */ = {
			isa = XCBuildConfiguration;
			buildSettings = {
				ALWAYS_EMBED_SWIFT_STANDARD_LIBRARIES = YES;
				BUNDLE_LOADER = "$(TEST_HOST)";
				CODE_SIGN_STYLE = Automatic;
				DEVELOPMENT_TEAM = 985R2F8RB3;
				INFOPLIST_FILE = ChatAppWithFirebaseTests/Info.plist;
				IPHONEOS_DEPLOYMENT_TARGET = 14.5;
				LD_RUNPATH_SEARCH_PATHS = (
					"$(inherited)",
					"@executable_path/Frameworks",
					"@loader_path/Frameworks",
				);
				PRODUCT_BUNDLE_IDENTIFIER = yuta.ChatAppWithFirebaseTests;
				PRODUCT_NAME = "$(TARGET_NAME)";
				SWIFT_VERSION = 5.0;
				TARGETED_DEVICE_FAMILY = "1,2";
				TEST_HOST = "$(BUILT_PRODUCTS_DIR)/ChatAppWithFirebase.app/ChatAppWithFirebase";
			};
			name = Release;
		};
		2AE4EE67265E7B7A00AD6B21 /* Debug */ = {
			isa = XCBuildConfiguration;
			buildSettings = {
				ALWAYS_EMBED_SWIFT_STANDARD_LIBRARIES = YES;
				CODE_SIGN_STYLE = Automatic;
				DEVELOPMENT_TEAM = 985R2F8RB3;
				INFOPLIST_FILE = ChatAppWithFirebaseUITests/Info.plist;
				LD_RUNPATH_SEARCH_PATHS = (
					"$(inherited)",
					"@executable_path/Frameworks",
					"@loader_path/Frameworks",
				);
				PRODUCT_BUNDLE_IDENTIFIER = yuta.ChatAppWithFirebaseUITests;
				PRODUCT_NAME = "$(TARGET_NAME)";
				SWIFT_VERSION = 5.0;
				TARGETED_DEVICE_FAMILY = "1,2";
				TEST_TARGET_NAME = ChatAppWithFirebase;
			};
			name = Debug;
		};
		2AE4EE68265E7B7A00AD6B21 /* Release */ = {
			isa = XCBuildConfiguration;
			buildSettings = {
				ALWAYS_EMBED_SWIFT_STANDARD_LIBRARIES = YES;
				CODE_SIGN_STYLE = Automatic;
				DEVELOPMENT_TEAM = 985R2F8RB3;
				INFOPLIST_FILE = ChatAppWithFirebaseUITests/Info.plist;
				LD_RUNPATH_SEARCH_PATHS = (
					"$(inherited)",
					"@executable_path/Frameworks",
					"@loader_path/Frameworks",
				);
				PRODUCT_BUNDLE_IDENTIFIER = yuta.ChatAppWithFirebaseUITests;
				PRODUCT_NAME = "$(TARGET_NAME)";
				SWIFT_VERSION = 5.0;
				TARGETED_DEVICE_FAMILY = "1,2";
				TEST_TARGET_NAME = ChatAppWithFirebase;
			};
			name = Release;
		};
/* End XCBuildConfiguration section */

/* Begin XCConfigurationList section */
		2AE4EE31265E7B7700AD6B21 /* Build configuration list for PBXProject "ChatAppWithFirebase" */ = {
			isa = XCConfigurationList;
			buildConfigurations = (
				2AE4EE5E265E7B7A00AD6B21 /* Debug */,
				2AE4EE5F265E7B7A00AD6B21 /* Release */,
			);
			defaultConfigurationIsVisible = 0;
			defaultConfigurationName = Release;
		};
		2AE4EE60265E7B7A00AD6B21 /* Build configuration list for PBXNativeTarget "ChatAppWithFirebase" */ = {
			isa = XCConfigurationList;
			buildConfigurations = (
				2AE4EE61265E7B7A00AD6B21 /* Debug */,
				2AE4EE62265E7B7A00AD6B21 /* Release */,
			);
			defaultConfigurationIsVisible = 0;
			defaultConfigurationName = Release;
		};
		2AE4EE63265E7B7A00AD6B21 /* Build configuration list for PBXNativeTarget "ChatAppWithFirebaseTests" */ = {
			isa = XCConfigurationList;
			buildConfigurations = (
				2AE4EE64265E7B7A00AD6B21 /* Debug */,
				2AE4EE65265E7B7A00AD6B21 /* Release */,
			);
			defaultConfigurationIsVisible = 0;
			defaultConfigurationName = Release;
		};
		2AE4EE66265E7B7A00AD6B21 /* Build configuration list for PBXNativeTarget "ChatAppWithFirebaseUITests" */ = {
			isa = XCConfigurationList;
			buildConfigurations = (
				2AE4EE67265E7B7A00AD6B21 /* Debug */,
				2AE4EE68265E7B7A00AD6B21 /* Release */,
			);
			defaultConfigurationIsVisible = 0;
			defaultConfigurationName = Release;
		};
/* End XCConfigurationList section */
	};
	rootObject = 2AE4EE2E265E7B7700AD6B21 /* Project object */;
}
